
Microsoft Visual Studio Solution File, Format Version 12.00
# Visual Studio 2013
VisualStudioVersion = 12.0.31101.0
MinimumVisualStudioVersion = 10.0.40219.1
Project("{FAE04EC0-301F-11D3-BF4B-00C04F79EFBC}") = "SayedAlShohada", "SayedAlShohada\SayedAlShohada.csproj", "{A5506FF6-79DC-400C-9107-DB652D02B2A6}"
EndProject
Project("{2150E333-8FDC-42A3-9474-1A3956D46DE8}") = "Database", "Database", "{6512D58B-8FDB-4E18-A613-A64EE13754D1}"
EndProject
Project("{00D1A9C2-B5F0-4AF3-8072-F6C62B433612}") = "AlShohadaDb", "AlShohadaDb\AlShohadaDb.sqlproj", "{EC11A8BE-4B7F-435D-BB78-B0EFD254A67E}"
EndProject
Project("{FAE04EC0-301F-11D3-BF4B-00C04F79EFBC}") = "Infrastructure", "Infrastructure\Infrastructure.csproj", "{EE70F67C-C721-4313-A51D-4A443FB22103}"
EndProject
Project("{FAE04EC0-301F-11D3-BF4B-00C04F79EFBC}") = "Core", "Core\Core.csproj", "{B994AE4B-A194-46F8-9D80-6A8C98B4DB00}"
EndProject
Global
	GlobalSection(SolutionConfigurationPlatforms) = preSolution
		Debug|Any CPU = Debug|Any CPU
		Release|Any CPU = Release|Any CPU
	EndGlobalSection
	GlobalSection(ProjectConfigurationPlatforms) = postSolution
		{A5506FF6-79DC-400C-9107-DB652D02B2A6}.Debug|Any CPU.ActiveCfg = Debug|Any CPU
		{A5506FF6-79DC-400C-9107-DB652D02B2A6}.Debug|Any CPU.Build.0 = Debug|Any CPU
		{A5506FF6-79DC-400C-9107-DB652D02B2A6}.Release|Any CPU.ActiveCfg = Release|Any CPU
		{A5506FF6-79DC-400C-9107-DB652D02B2A6}.Release|Any CPU.Build.0 = Release|Any CPU
		{EC11A8BE-4B7F-435D-BB78-B0EFD254A67E}.Debug|Any CPU.ActiveCfg = Debug|Any CPU
		{EC11A8BE-4B7F-435D-BB78-B0EFD254A67E}.Debug|Any CPU.Build.0 = Debug|Any CPU
		{EC11A8BE-4B7F-435D-BB78-B0EFD254A67E}.Debug|Any CPU.Deploy.0 = Debug|Any CPU
		{EC11A8BE-4B7F-435D-BB78-B0EFD254A67E}.Release|Any CPU.ActiveCfg = Release|Any CPU
		{EC11A8BE-4B7F-435D-BB78-B0EFD254A67E}.Release|Any CPU.Build.0 = Release|Any CPU
		{EC11A8BE-4B7F-435D-BB78-B0EFD254A67E}.Release|Any CPU.Deploy.0 = Release|Any CPU
		{EE70F67C-C721-4313-A51D-4A443FB22103}.Debug|Any CPU.ActiveCfg = Debug|Any CPU
		{EE70F67C-C721-4313-A51D-4A443FB22103}.Debug|Any CPU.Build.0 = Debug|Any CPU
		{EE70F67C-C721-4313-A51D-4A443FB22103}.Release|Any CPU.ActiveCfg = Release|Any CPU
		{EE70F67C-C721-4313-A51D-4A443FB22103}.Release|Any CPU.Build.0 = Release|Any CPU
		{B994AE4B-A194-46F8-9D80-6A8C98B4DB00}.Debug|Any CPU.ActiveCfg = Debug|Any CPU
		{B994AE4B-A194-46F8-9D80-6A8C98B4DB00}.Debug|Any CPU.Build.0 = Debug|Any CPU
		{B994AE4B-A194-46F8-9D80-6A8C98B4DB00}.Release|Any CPU.ActiveCfg = Release|Any CPU
		{B994AE4B-A194-46F8-9D80-6A8C98B4DB00}.Release|Any CPU.Build.0 = Release|Any CPU
	EndGlobalSection
	GlobalSection(SolutionProperties) = preSolution
		HideSolutionNode = FALSE
	EndGlobalSection
	GlobalSection(NestedProjects) = preSolution
		{EC11A8BE-4B7F-435D-BB78-B0EFD254A67E} = {6512D58B-8FDB-4E18-A613-A64EE13754D1}
	EndGlobalSection
EndGlobal
